
Microsoft Visual Studio Solution File, Format Version 12.00
# Visual Studio Version 17
VisualStudioVersion = 17.14.36408.4 d17.14
MinimumVisualStudioVersion = 10.0.40219.1
Project("{FAE04EC0-301F-11D3-BF4B-00C04F79EFBC}") = "Exercise 2", "Exercise 2.csproj", "{1889D570-5B52-4844-851E-0FE7DCC0A385}"
EndProject
Global
	GlobalSection(SolutionConfigurationPlatforms) = preSolution
		Debug|Any CPU = Debug|Any CPU
		Release|Any CPU = Release|Any CPU
	EndGlobalSection
	GlobalSection(ProjectConfigurationPlatforms) = postSolution
		{1889D570-5B52-4844-851E-0FE7DCC0A385}.Debug|Any CPU.ActiveCfg = Debug|Any CPU
		{1889D570-5B52-4844-851E-0FE7DCC0A385}.Debug|Any CPU.Build.0 = Debug|Any CPU
		{1889D570-5B52-4844-851E-0FE7DCC0A385}.Release|Any CPU.ActiveCfg = Release|Any CPU
		{1889D570-5B52-4844-851E-0FE7DCC0A385}.Release|Any CPU.Build.0 = Release|Any CPU
	EndGlobalSection
	GlobalSection(SolutionProperties) = preSolution
		HideSolutionNode = FALSE
	EndGlobalSection
	GlobalSection(ExtensibilityGlobals) = postSolution
		SolutionGuid = {28438C93-4610-44BD-BC0B-D64CAC30AA56}
	EndGlobalSection
EndGlobal
